
Microsoft Visual Studio Solution File, Format Version 12.00
# Visual Studio Version 16
VisualStudioVersion = 16.0.29911.84
MinimumVisualStudioVersion = 10.0.40219.1
Project("{FAE04EC0-301F-11D3-BF4B-00C04F79EFBC}") = "ScreenCaptureTool", "ScreenCaptureTool\ScreenCaptureTool.csproj", "{32284E15-E875-4AF3-B317-B8F1F915296A}"
EndProject
Global
	GlobalSection(SolutionConfigurationPlatforms) = preSolution
		Debug|Any CPU = Debug|Any CPU
		Release|Any CPU = Release|Any CPU
	EndGlobalSection
	GlobalSection(ProjectConfigurationPlatforms) = postSolution
		{32284E15-E875-4AF3-B317-B8F1F915296A}.Debug|Any CPU.ActiveCfg = Debug|Any CPU
		{32284E15-E875-4AF3-B317-B8F1F915296A}.Debug|Any CPU.Build.0 = Debug|Any CPU
		{32284E15-E875-4AF3-B317-B8F1F915296A}.Release|Any CPU.ActiveCfg = Release|Any CPU
		{32284E15-E875-4AF3-B317-B8F1F915296A}.Release|Any CPU.Build.0 = Release|Any CPU
	EndGlobalSection
	GlobalSection(SolutionProperties) = preSolution
		HideSolutionNode = FALSE
	EndGlobalSection
	GlobalSection(ExtensibilityGlobals) = postSolution
		SolutionGuid = {0A96EC0D-6677-464D-AFB5-5751F6C0196B}
	EndGlobalSection
EndGlobal
